
Microsoft Visual Studio Solution File, Format Version 12.00
# Visual Studio 2013
VisualStudioVersion = 12.0.31101.0
MinimumVisualStudioVersion = 10.0.40219.1
Project("{FAE04EC0-301F-11D3-BF4B-00C04F79EFBC}") = "Oentities", "Oentities\Oentities.csproj", "{2FB49D7B-8111-4C5E-84D7-0B025857D99F}"
EndProject
Project("{FAE04EC0-301F-11D3-BF4B-00C04F79EFBC}") = "Oentities.Tests", "..\tests\Oentities.Tests\Oentities.Tests.csproj", "{4A3DC322-F555-475A-8F3B-243864680BB5}"
EndProject
Global
	GlobalSection(SolutionConfigurationPlatforms) = preSolution
		Debug|Any CPU = Debug|Any CPU
		Release|Any CPU = Release|Any CPU
	EndGlobalSection
	GlobalSection(ProjectConfigurationPlatforms) = postSolution
		{2FB49D7B-8111-4C5E-84D7-0B025857D99F}.Debug|Any CPU.ActiveCfg = Debug|Any CPU
		{2FB49D7B-8111-4C5E-84D7-0B025857D99F}.Debug|Any CPU.Build.0 = Debug|Any CPU
		{2FB49D7B-8111-4C5E-84D7-0B025857D99F}.Release|Any CPU.ActiveCfg = Release|Any CPU
		{2FB49D7B-8111-4C5E-84D7-0B025857D99F}.Release|Any CPU.Build.0 = Release|Any CPU
		{4A3DC322-F555-475A-8F3B-243864680BB5}.Debug|Any CPU.ActiveCfg = Debug|Any CPU
		{4A3DC322-F555-475A-8F3B-243864680BB5}.Debug|Any CPU.Build.0 = Debug|Any CPU
		{4A3DC322-F555-475A-8F3B-243864680BB5}.Release|Any CPU.ActiveCfg = Release|Any CPU
		{4A3DC322-F555-475A-8F3B-243864680BB5}.Release|Any CPU.Build.0 = Release|Any CPU
	EndGlobalSection
	GlobalSection(SolutionProperties) = preSolution
		HideSolutionNode = FALSE
	EndGlobalSection
EndGlobal
